{
  "nodes": {
    "brew-src": {
      "flake": false,
      "locked": {
        "lastModified": 1786348930,
        "narHash": "sha256-bCQJkbgsAMDp5HQystZLCq11UHiyEuoWbxKulAPYrh8=",
        "owner": "Homebrew",
        "repo": "brew",
        "rev": "3ecc9eff23feebf1bc73846d74e14a122c93b66f",
        "type": "github"
      },
      "original": {
        "owner": "Homebrew",
        "ref": "6.0.16",
        "repo": "brew",
        "type": "github"
      }
    },
    "brew-src_2": {
      "flake": false,
      "locked": {
        "lastModified": 1786348930,
        "narHash": "sha256-bCQJkbgsAMDp5HQystZLCq11UHiyEuoWbxKulAPYrh8=",
        "owner": "Homebrew",
        "repo": "brew",
        "rev": "3ecc9eff23feebf1bc73846d74e14a122c93b66f",
        "type": "github"
      },
      "original": {
        "owner": "Homebrew",
        "ref": "6.0.16",
        "repo": "brew",
        "type": "github"
      }
    },
    "dotfiles": {
      "flake": false,
      "locked": {
        "path": "..",
        "type": "path"
      },
      "original": {
        "path": "..",
        "type": "path"
      },
      "parent": []
    },
    "firefox-addons": {
      "inputs": {
        "nixpkgs": [
          "nixpkgs"
        ]
      },
      "locked": {
        "dir": "pkgs/firefox-addons",
        "lastModified": 1787284994,
        "narHash": "sha256-ekBKvaEJY74xfbvB/QWLaB42XspwLlO5ySfmgvgKeeM=",
        "owner": "rycee",
        "repo": "nur-expressions",
        "rev": "6e90cf8523a05e55621ede7cf1e101e1a70c5446",
        "type": "gitlab"
      },
      "original": {
        "dir": "pkgs/firefox-addons",
        "owner": "rycee",
        "repo": "nur-expressions",
        "type": "gitlab"
      }
    },
    "flake-compat": {
      "flake": false,
      "locked": {
        "lastModified": 1767039857,
        "narHash": "sha256-vNpUSpF5Nuw8xvDLj2KCwwksIbjua2LZCqhV1LNRDns=",
        "owner": "edolstra",
        "repo": "flake-compat",
        "rev": "5edf11c44bc78a0d334f6334cdaf7d60d732daab",
        "type": "github"
      },
      "original": {
        "owner": "edolstra",
        "repo": "flake-compat",
        "type": "github"
      }
    },
    "flake-compat_2": {
      "flake": false,
      "locked": {
        "lastModified": 1777699697,
        "narHash": "sha256-Eg9b/rq/ECYwNwEXs5i9wHyhxNI0JrYx2srdI2uZMaQ=",
        "ref": "refs/heads/main",
        "rev": "382052b74656a369c5408822af3f2501e9b1af81",
        "revCount": 94,
        "type": "git",
        "url": "https://git.lix.systems/lix-project/flake-compat.git"
      },
      "original": {
        "type": "git",
        "url": "https://git.lix.systems/lix-project/flake-compat.git"
      }
    },
    "flake-parts": {
      "inputs": {
        "nixpkgs-lib": "nixpkgs-lib"
      },
      "locked": {
        "lastModified": 1785627969,
        "narHash": "sha256-4dtXQk/NMePegK/nWp5NSeuZKLATItOq61lpEvmXqGw=",
        "owner": "hercules-ci",
        "repo": "flake-parts",
        "rev": "427bf4bd9435fdf21321c8cc628c24efc14c0f7a",
        "type": "github"
      },
      "original": {
        "owner": "hercules-ci",
        "repo": "flake-parts",
        "type": "github"
      }
    },
    "flake-utils": {
      "inputs": {
        "systems": "systems"
      },
      "locked": {
        "lastModified": 1731533236,
        "narHash": "sha256-l0KFg5HjrsfsO/JpG+r7fRrqm12kzFHyUHqHCVpMMbI=",
        "owner": "numtide",
        "repo": "flake-utils",
        "rev": "11707dc2f618dd54ca8739b309ec4fc024de578b",
        "type": "github"
      },
      "original": {
        "owner": "numtide",
        "repo": "flake-utils",
        "type": "github"
      }
    },
    "helium-browser": {
      "inputs": {
        "nixpkgs": [
          "nixpkgs"
        ]
      },
      "locked": {
        "lastModified": 1786799508,
        "narHash": "sha256-1I363wp1kqNq8nCtZDcoaaWvGPjjnOXpWAKkdYfCbDA=",
        "owner": "Ev357",
        "repo": "nur-packages",
        "rev": "5c9ea81909f00c7aef520629d24af9f2e3d0e238",
        "type": "github"
      },
      "original": {
        "owner": "Ev357",
        "repo": "nur-packages",
        "type": "github"
      }
    },
    "home-manager": {
      "inputs": {
        "nixpkgs": [
          "nixpkgs"
        ]
      },
      "locked": {
        "lastModified": 1787146702,
        "narHash": "sha256-YbRcLdU/yK4gWsQg7V8WTKZHfXL33g8+wSFUX3wyevs=",
        "owner": "nix-community",
        "repo": "home-manager",
        "rev": "173b7e8d40fdc8c296a9c99854314f17a3a1704c",
        "type": "github"
      },
      "original": {
        "owner": "nix-community",
        "ref": "release-26.05",
        "repo": "home-manager",
        "type": "github"
      }
    },
    "home-manager_2": {
      "inputs": {
        "nixpkgs": [
          "zen-browser",
          "nixpkgs"
        ]
      },
      "locked": {
        "lastModified": 1786719456,
        "narHash": "sha256-B74DLQs/VjlqyhnnX3tguWwghqJHWSJX30TKZuAljIg=",
        "owner": "nix-community",
        "repo": "home-manager",
        "rev": "83b7606dcf44abe3a94b86e8bb2b3355d22e8797",
        "type": "github"
      },
      "original": {
        "owner": "nix-community",
        "repo": "home-manager",
        "type": "github"
      }
    },
    "homebrew-bevanjkay-tap": {
      "flake": false,
      "locked": {
        "lastModified": 1787301128,
        "narHash": "sha256-omTr4JobxVaGwfHc41eWihzY4ZBUf+XZSiJRy/lFPBE=",
        "owner": "bevanjkay",
        "repo": "homebrew-tap",
        "rev": "22db1476ca71ab707f9404506a1dc84f22ee9df2",
        "type": "github"
      },
      "original": {
        "owner": "bevanjkay",
        "repo": "homebrew-tap",
        "type": "github"
      }
    },
    "homebrew-boring-notch": {
      "flake": false,
      "locked": {
        "lastModified": 1782631121,
        "narHash": "sha256-32ZXrwMQkSAw6siCCr7eamf+P2Opv0mCW/n8ot9TXtc=",
        "owner": "TheBoredTeam",
        "repo": "homebrew-boring-notch",
        "rev": "79fde426c1f48d9464b0c9cba0389df15fba3a88",
        "type": "github"
      },
      "original": {
        "owner": "TheBoredTeam",
        "repo": "homebrew-boring-notch",
        "type": "github"
      }
    },
    "homebrew-cask": {
      "flake": false,
      "locked": {
        "lastModified": 1787311556,
        "narHash": "sha256-ODOiAP/NgvZpLWOOwxXMaVuK8EiCMIYsfB85xWugLfU=",
        "owner": "homebrew",
        "repo": "homebrew-cask",
        "rev": "8587086220f4568daf43b90d1a0baf391e930c9e",
        "type": "github"
      },
      "original": {
        "owner": "homebrew",
        "repo": "homebrew-cask",
        "type": "github"
      }
    },
    "homebrew-core": {
      "flake": false,
      "locked": {
        "lastModified": 1787313169,
        "narHash": "sha256-wsj9kNJ5lJEy11cXjDksN5U0gw1BfH0OmV/FxIbnPok=",
        "owner": "homebrew",
        "repo": "homebrew-core",
        "rev": "021c518b1baa4bd2116632f16861e60fb24820b0",
        "type": "github"
      },
      "original": {
        "owner": "homebrew",
        "repo": "homebrew-core",
        "type": "github"
      }
    },
    "homebrew-felixkratz-formulae": {
      "flake": false,
      "locked": {
        "lastModified": 1780547371,
        "narHash": "sha256-QGCVV5N1QC56GQK3ck2YJ6J6/S8SQ6rTElz69y58078=",
        "owner": "FelixKratz",
        "repo": "homebrew-formulae",
        "rev": "70b2071488b61c14f773ce9e1bf6626ee851981a",
        "type": "github"
      },
      "original": {
        "owner": "FelixKratz",
        "repo": "homebrew-formulae",
        "type": "github"
      }
    },
    "homebrew-filosottile-musl-cross": {
      "flake": false,
      "locked": {
        "lastModified": 1768406031,
        "narHash": "sha256-42BPsdnsz9HgSA3i+mBzMoBEegk50ZomLIW3EGuJIAk=",
        "owner": "FiloSottile",
        "repo": "homebrew-musl-cross",
        "rev": "705df29f2bdb4ea5e7c2ade052c92506e8c3c74a",
        "type": "github"
      },
      "original": {
        "owner": "FiloSottile",
        "repo": "homebrew-musl-cross",
        "type": "github"
      }
    },
    "homebrew-gcenx-wine": {
      "flake": false,
      "locked": {
        "lastModified": 1780975686,
        "narHash": "sha256-1bLevYt1DIigM2LZPe6L7CDfFXQV5NYSn28x97j11CA=",
        "owner": "Gcenx",
        "repo": "homebrew-wine",
        "rev": "8fa0df79e4a1b7d4ab292958352feaceb4905bfb",
        "type": "github"
      },
      "original": {
        "owner": "Gcenx",
        "repo": "homebrew-wine",
        "type": "github"
      }
    },
    "homebrew-jackielii-tap": {
      "flake": false,
      "locked": {
        "lastModified": 1784537903,
        "narHash": "sha256-vC1tDxOSzxx1u+tbo3gyoZTm7u+GsyymuNL5k0ERd2Y=",
        "owner": "jackielii",
        "repo": "homebrew-tap",
        "rev": "634cd3c1a495f59f832813410f07ddf2c4a1c50c",
        "type": "github"
      },
      "original": {
        "owner": "jackielii",
        "repo": "homebrew-tap",
        "type": "github"
      }
    },
    "homebrew-koekeishiya-formulae": {
      "flake": false,
      "locked": {
        "lastModified": 1778274556,
        "narHash": "sha256-ZT8PDRrrsHidlypL6oFw/A2LFmT06GZr0rT4ZxDOKbw=",
        "owner": "koekeishiya",
        "repo": "homebrew-formulae",
        "rev": "9c0021f8454e82c3af6ca8b0af4548589920e6ed",
        "type": "github"
      },
      "original": {
        "owner": "koekeishiya",
        "repo": "homebrew-formulae",
        "type": "github"
      }
    },
    "homebrew-samtay-tui": {
      "flake": false,
      "locked": {
        "lastModified": 1729395545,
        "narHash": "sha256-QPT4oxaAMF6vjxOQIQebc/AGst59UPElmLthmiKOr00=",
        "owner": "samtay",
        "repo": "homebrew-tui",
        "rev": "0a414c8356b6707afabc252b1abeae07f7140b02",
        "type": "github"
      },
      "original": {
        "owner": "samtay",
        "repo": "homebrew-tui",
        "type": "github"
      }
    },
    "homebrew-steipete-tap": {
      "flake": false,
      "locked": {
        "lastModified": 1787234600,
        "narHash": "sha256-pUWrMILzVB0Wlf0QtiiUGEjPXi5OxZ/quHV415jVSbc=",
        "owner": "steipete",
        "repo": "homebrew-tap",
        "rev": "86116756d9c84d04887a5957a53d8b96b4cf87c1",
        "type": "github"
      },
      "original": {
        "owner": "steipete",
        "repo": "homebrew-tap",
        "type": "github"
      }
    },
    "homebrew-withgraphite-tap": {
      "flake": false,
      "locked": {
        "lastModified": 1778009275,
        "narHash": "sha256-J9908mxYkECwfMVN4Lm6pvRfSwXbVPwpopuo1JxodKU=",
        "owner": "withgraphite",
        "repo": "homebrew-tap",
        "rev": "3cd62c9405681abed697ab35e4ec43aa5353dcb8",
        "type": "github"
      },
      "original": {
        "owner": "withgraphite",
        "repo": "homebrew-tap",
        "type": "github"
      }
    },
    "maclocker": {
      "inputs": {
        "nixpkgs": [
          "nixpkgs-darwin"
        ]
      },
      "locked": {
        "lastModified": 1782916839,
        "narHash": "sha256-uDUqz/ia1K+gepBivWZLVLxS3/AwR8ZWlWtQ+ae6GSI=",
        "owner": "JudahZF",
        "repo": "maclocker",
        "rev": "cb4dee0f14b4f960b6004b1a611daf9fee04ddf5",
        "type": "github"
      },
      "original": {
        "owner": "JudahZF",
        "ref": "v1.0",
        "repo": "maclocker",
        "type": "github"
      }
    },
    "mnw": {
      "locked": {
        "lastModified": 1780772958,
        "narHash": "sha256-VKKe8r4pwCGWZ3Yr9CPN129R4S3CKLSrlYqdYz3vKpM=",
        "owner": "Gerg-L",
        "repo": "mnw",
        "rev": "0871dbf63a53610c95db04439ed8ea4d6ec9c160",
        "type": "github"
      },
      "original": {
        "owner": "Gerg-L",
        "repo": "mnw",
        "type": "github"
      }
    },
    "nix-darwin": {
      "inputs": {
        "nixpkgs": [
          "nixpkgs-darwin"
        ]
      },
      "locked": {
        "lastModified": 1783744694,
        "narHash": "sha256-2cp6N3rrwnGYLTx9l6N+NI+kwrCWxvJUbj5WJhvB29A=",
        "owner": "LnL7",
        "repo": "nix-darwin",
        "rev": "c3e90c89649b07d1a96e4b9dd6cd0d6e44b91a74",
        "type": "github"
      },
      "original": {
        "owner": "LnL7",
        "ref": "nix-darwin-26.05",
        "repo": "nix-darwin",
        "type": "github"
      }
    },
    "nix-homebrew": {
      "inputs": {
        "brew-src": "brew-src_2"
      },
      "locked": {
        "lastModified": 1786686423,
        "narHash": "sha256-8q3WdB8o3VUI7rOz1OXfioXIaaWbFTAxRJAkWLlfc0s=",
        "owner": "zhaofengli",
        "repo": "nix-homebrew",
        "rev": "ccabf79a6b9845eb72b51ea1d9c7ce3446350df3",
        "type": "github"
      },
      "original": {
        "owner": "zhaofengli",
        "repo": "nix-homebrew",
        "type": "github"
      }
    },
    "nix-index-database": {
      "inputs": {
        "nixpkgs": [
          "nixpkgs"
        ]
      },
      "locked": {
        "lastModified": 1786852476,
        "narHash": "sha256-IM5CYtf86W4w8eUPpKcY/LpdHElmVBtJhaKnoTKxZEA=",
        "owner": "nix-community",
        "repo": "nix-index-database",
        "rev": "c7962dc97b45129df8d751bedaf37beb5a17706e",
        "type": "github"
      },
      "original": {
        "owner": "nix-community",
        "repo": "nix-index-database",
        "type": "github"
      }
    },
    "nix-xcodes": {
      "inputs": {
        "nixpkgs": [
          "nixpkgs-darwin"
        ]
      },
      "locked": {
        "lastModified": 1783329264,
        "narHash": "sha256-ZsUGTFOGAxH3YoJlEyzWwSmCSaZKDD9EHm0uPD6qb0s=",
        "ref": "refs/heads/main",
        "rev": "14eedc1fb96095f075352a91d5817cd2bf799df8",
        "revCount": 5,
        "type": "git",
        "url": "https://codeberg.org/JudahZF/nix-xcodes.git"
      },
      "original": {
        "type": "git",
        "url": "https://codeberg.org/JudahZF/nix-xcodes.git"
      }
    },
    "nix-xilinx": {
      "inputs": {
        "flake-compat": "flake-compat",
        "nixpkgs": [
          "nixpkgs"
        ]
      },
      "locked": {
        "lastModified": 1779767775,
        "narHash": "sha256-mdLZTDbiF/1lE1AN/4iErWm3iE1dAA4Ei8/7fIiARNc=",
        "owner": "MIT-OpenCompute",
        "repo": "xilinx-flake",
        "rev": "9db6ae866effad1c0f6ad960c4a0605c3c16208a",
        "type": "github"
      },
      "original": {
        "owner": "MIT-OpenCompute",
        "repo": "xilinx-flake",
        "type": "github"
      }
    },
    "nixos-hardware": {
      "inputs": {
        "nixpkgs": "nixpkgs"
      },
      "locked": {
        "lastModified": 1787144466,
        "narHash": "sha256-HHfv2/HkNSKbbSyU9iD/g8lbP6r4tl33sSw1W4rXCk0=",
        "owner": "NixOS",
        "repo": "nixos-hardware",
        "rev": "0471accf8d0a8210b31d947497d179ecc99e0021",
        "type": "github"
      },
      "original": {
        "owner": "NixOS",
        "ref": "master",
        "repo": "nixos-hardware",
        "type": "github"
      }
    },
    "nixpkgs": {
      "locked": {
        "lastModified": 1767892417,
        "narHash": "sha256-8bW3q88CEg2u4hSP66Vf4lpbLonHz7hqDNBMcCY7E9U=",
        "rev": "3497aa5c9457a9d88d71fa93a4a8368816fbeeba",
        "type": "tarball",
        "url": "https://releases.nixos.org/nixos/unstable/nixos-26.05pre924538.3497aa5c9457/nixexprs.tar.xz"
      },
      "original": {
        "type": "tarball",
        "url": "https://channels.nixos.org/nixos-unstable/nixexprs.tar.xz"
      }
    },
    "nixpkgs-darwin": {
      "locked": {
        "lastModified": 1786920013,
        "narHash": "sha256-tlbRqzZ3suDUO3vyR0QFBk0TrxJiRP50t7VWfHhtVrw=",
        "owner": "NixOS",
        "repo": "nixpkgs",
        "rev": "33da5f36e599b50aa7dbbfacb718254423b18354",
        "type": "github"
      },
      "original": {
        "owner": "NixOS",
        "ref": "nixpkgs-26.05-darwin",
        "repo": "nixpkgs",
        "type": "github"
      }
    },
    "nixpkgs-lib": {
      "locked": {
        "lastModified": 1785031560,
        "narHash": "sha256-OmshNvn2vupOFpYinLUu+1Dnpu4n7Q5N3ggGVNHpkUI=",
        "owner": "nix-community",
        "repo": "nixpkgs.lib",
        "rev": "0e79af5e3d4dcfcd676ab5ba3f95d2e3352e078c",
        "type": "github"
      },
      "original": {
        "owner": "nix-community",
        "repo": "nixpkgs.lib",
        "type": "github"
      }
    },
    "nixpkgs-unstable": {
      "locked": {
        "lastModified": 1787135253,
        "narHash": "sha256-RD2kNWCG+Bjo6h+JVjWVNntZs2GtRoeY2xHjts/FNkA=",
        "owner": "NixOS",
        "repo": "nixpkgs",
        "rev": "ffb3c9b700e759be2ef13237c9d8f953b32a1e46",
        "type": "github"
      },
      "original": {
        "owner": "NixOS",
        "ref": "nixos-unstable",
        "repo": "nixpkgs",
        "type": "github"
      }
    },
    "nixpkgs_2": {
      "locked": {
        "lastModified": 1787204541,
        "narHash": "sha256-OURZPknrTjQrlNyxPdqzyqmU/81Wes1CUP/Ft1Rv/YI=",
        "owner": "NixOS",
        "repo": "nixpkgs",
        "rev": "5880666fd9eb563038431edb35c2d0aa595884e6",
        "type": "github"
      },
      "original": {
        "owner": "NixOS",
        "ref": "nixos-26.05",
        "repo": "nixpkgs",
        "type": "github"
      }
    },
    "nixpkgs_3": {
      "locked": {
        "lastModified": 1784497964,
        "narHash": "sha256-WhdsTtaih3DgTPP/PX023b36UNQyMzEoi6GkPyGx0y4=",
        "rev": "241313f4e8e508cb9b13278c2b0fa25b9ca27163",
        "type": "tarball",
        "url": "https://releases.nixos.org/nixos/unstable/nixos-26.11pre1037713.241313f4e8e5/nixexprs.tar.xz"
      },
      "original": {
        "id": "nixpkgs",
        "ref": "nixos-unstable",
        "type": "indirect"
      }
    },
    "nixpkgs_4": {
      "locked": {
        "lastModified": 1786719841,
        "narHash": "sha256-QcpQOT0NQEFkI77t+YXPZqDJc35iIodG7zinieOwFUg=",
        "owner": "NixOS",
        "repo": "nixpkgs",
        "rev": "8be7bd0c83f12e2e3bbba07c9044d6fed9e66f7f",
        "type": "github"
      },
      "original": {
        "owner": "NixOS",
        "ref": "nixpkgs-unstable",
        "repo": "nixpkgs",
        "type": "github"
      }
    },
    "nixpkgs_5": {
      "locked": {
        "lastModified": 1786599213,
        "narHash": "sha256-yNJd40f11EzXBjSByCB7IPpeFFAdeoSKKM67dGkfFoU=",
        "owner": "nixos",
        "repo": "nixpkgs",
        "rev": "0e251e24a4f24e036a084b6b4b2d2491af4167f4",
        "type": "github"
      },
      "original": {
        "owner": "nixos",
        "ref": "nixos-unstable",
        "repo": "nixpkgs",
        "type": "github"
      }
    },
    "nvf": {
      "inputs": {
        "flake-compat": "flake-compat_2",
        "mnw": "mnw",
        "nixpkgs": [
          "nixpkgs"
        ]
      },
      "locked": {
        "lastModified": 1787305329,
        "narHash": "sha256-nYA+0kCn0h0dsaApPWuSJwIlBrPchqJphnfGLzDCOFs=",
        "owner": "notashelf",
        "repo": "nvf",
        "rev": "93cb00e768908ba77f64a846f487e43e79130796",
        "type": "github"
      },
      "original": {
        "owner": "notashelf",
        "repo": "nvf",
        "type": "github"
      }
    },
    "openxc7": {
      "inputs": {
        "flake-utils": "flake-utils",
        "nixpkgs": "nixpkgs_3"
      },
      "locked": {
        "lastModified": 1787028310,
        "narHash": "sha256-TqKYdosS1ZaKrqMJ/UORJPqUxao74r/GE5AsEeD1fLE=",
        "owner": "openXC7",
        "repo": "toolchain-nix",
        "rev": "db39a956b6b7bfe60f7b566a2bc0802a44086010",
        "type": "github"
      },
      "original": {
        "owner": "openXC7",
        "repo": "toolchain-nix",
        "type": "github"
      }
    },
    "root": {
      "inputs": {
        "brew-src": "brew-src",
        "dotfiles": "dotfiles",
        "firefox-addons": "firefox-addons",
        "flake-parts": "flake-parts",
        "helium-browser": "helium-browser",
        "home-manager": "home-manager",
        "homebrew-bevanjkay-tap": "homebrew-bevanjkay-tap",
        "homebrew-boring-notch": "homebrew-boring-notch",
        "homebrew-cask": "homebrew-cask",
        "homebrew-core": "homebrew-core",
        "homebrew-felixkratz-formulae": "homebrew-felixkratz-formulae",
        "homebrew-filosottile-musl-cross": "homebrew-filosottile-musl-cross",
        "homebrew-gcenx-wine": "homebrew-gcenx-wine",
        "homebrew-jackielii-tap": "homebrew-jackielii-tap",
        "homebrew-koekeishiya-formulae": "homebrew-koekeishiya-formulae",
        "homebrew-samtay-tui": "homebrew-samtay-tui",
        "homebrew-steipete-tap": "homebrew-steipete-tap",
        "homebrew-withgraphite-tap": "homebrew-withgraphite-tap",
        "maclocker": "maclocker",
        "nix-darwin": "nix-darwin",
        "nix-homebrew": "nix-homebrew",
        "nix-index-database": "nix-index-database",
        "nix-xcodes": "nix-xcodes",
        "nix-xilinx": "nix-xilinx",
        "nixos-hardware": "nixos-hardware",
        "nixpkgs": "nixpkgs_2",
        "nixpkgs-darwin": "nixpkgs-darwin",
        "nixpkgs-unstable": "nixpkgs-unstable",
        "nvf": "nvf",
        "openxc7": "openxc7",
        "sops-nix": "sops-nix",
        "wrapper-modules": "wrapper-modules",
        "zen-browser": "zen-browser"
      }
    },
    "sops-nix": {
      "inputs": {
        "nixpkgs": [
          "nixpkgs"
        ]
      },
      "locked": {
        "lastModified": 1786629091,
        "narHash": "sha256-gkig4nPi1CWc4Z50GBsjE4ygSE7hMpl/TwID2an2Cck=",
        "owner": "Mic92",
        "repo": "sops-nix",
        "rev": "a8627b21b9107c5711c96b84f32a9a4b3d45295f",
        "type": "github"
      },
      "original": {
        "owner": "Mic92",
        "repo": "sops-nix",
        "type": "github"
      }
    },
    "systems": {
      "locked": {
        "lastModified": 1681028828,
        "narHash": "sha256-Vy1rq5AaRuLzOxct8nz4T6wlgyUR7zLU309k9mBC768=",
        "owner": "nix-systems",
        "repo": "default",
        "rev": "da67096a3b9bf56a91d16901293e51ba5b49a27e",
        "type": "github"
      },
      "original": {
        "owner": "nix-systems",
        "repo": "default",
        "type": "github"
      }
    },
    "wrapper-modules": {
      "inputs": {
        "nixpkgs": "nixpkgs_4"
      },
      "locked": {
        "lastModified": 1787170572,
        "narHash": "sha256-uVHI/TBIX1dVaCZfw0f/gj67f9gOmRLy0kwqGucztRI=",
        "owner": "BirdeeHub",
        "repo": "nix-wrapper-modules",
        "rev": "7a6279b12ee668bd897c7ed444ce2031c6dbeaa0",
        "type": "github"
      },
      "original": {
        "owner": "BirdeeHub",
        "repo": "nix-wrapper-modules",
        "type": "github"
      }
    },
    "zen-browser": {
      "inputs": {
        "home-manager": "home-manager_2",
        "nixpkgs": "nixpkgs_5"
      },
      "locked": {
        "lastModified": 1787281392,
        "narHash": "sha256-WnGPcxoouwp2ZNQ2lBfVunY77AIFy6cdAfT4J5Vw6Fs=",
        "owner": "0xc000022070",
        "repo": "zen-browser-flake",
        "rev": "4ab199700226db9b91ab69fa2b78816ebe475358",
        "type": "github"
      },
      "original": {
        "owner": "0xc000022070",
        "repo": "zen-browser-flake",
        "type": "github"
      }
    }
  },
  "root": "root",
  "version": 7
}
