{
  "nodes": {
    "brew-src": {
      "flake": false,
      "locked": {
        "lastModified": 1786348930,
        "narHash": "sha256-bCQJkbgsAMDp5HQystZLCq11UHiyEuoWbxKulAPYrh8=",
        "owner": "Homebrew",
        "repo": "brew",
        "rev": "3ecc9eff23feebf1bc73846d74e14a122c93b66f",
        "type": "github"
      },
      "original": {
        "owner": "Homebrew",
        "ref": "6.0.16",
        "repo": "brew",
        "type": "github"
      }
    },
    "brew-src_2": {
      "flake": false,
      "locked": {
        "lastModified": 1789661079,
        "narHash": "sha256-geVTQ51PGZ1mLULM5k7wO7qt/6xenOR/YG8X7Q3eCaI=",
        "owner": "Homebrew",
        "repo": "brew",
        "rev": "edb70f031e4170c780799633a1226ff73e1077f4",
        "type": "github"
      },
      "original": {
        "owner": "Homebrew",
        "ref": "7.0.4",
        "repo": "brew",
        "type": "github"
      }
    },
    "dotfiles": {
      "flake": false,
      "locked": {
        "path": "..",
        "type": "path"
      },
      "original": {
        "path": "..",
        "type": "path"
      },
      "parent": []
    },
    "firefox-addons": {
      "inputs": {
        "nixpkgs": [
          "nixpkgs"
        ]
      },
      "locked": {
        "dir": "pkgs/firefox-addons",
        "lastModified": 1790222545,
        "narHash": "sha256-mdLkg/UZLof2+GQOwULbHzC8wXBbO+zLYL+5G89hHI0=",
        "owner": "rycee",
        "repo": "nur-expressions",
        "rev": "adef9edfdc3ac8c3227f55673a9d31728d0c21ab",
        "type": "gitlab"
      },
      "original": {
        "dir": "pkgs/firefox-addons",
        "owner": "rycee",
        "repo": "nur-expressions",
        "type": "gitlab"
      }
    },
    "flake-compat": {
      "flake": false,
      "locked": {
        "lastModified": 1767039857,
        "narHash": "sha256-vNpUSpF5Nuw8xvDLj2KCwwksIbjua2LZCqhV1LNRDns=",
        "owner": "edolstra",
        "repo": "flake-compat",
        "rev": "5edf11c44bc78a0d334f6334cdaf7d60d732daab",
        "type": "github"
      },
      "original": {
        "owner": "edolstra",
        "repo": "flake-compat",
        "type": "github"
      }
    },
    "flake-compat_2": {
      "flake": false,
      "locked": {
        "lastModified": 1777699697,
        "narHash": "sha256-Eg9b/rq/ECYwNwEXs5i9wHyhxNI0JrYx2srdI2uZMaQ=",
        "ref": "refs/heads/main",
        "rev": "382052b74656a369c5408822af3f2501e9b1af81",
        "revCount": 94,
        "type": "git",
        "url": "https://git.lix.systems/lix-project/flake-compat.git"
      },
      "original": {
        "type": "git",
        "url": "https://git.lix.systems/lix-project/flake-compat.git"
      }
    },
    "flake-parts": {
      "inputs": {
        "nixpkgs-lib": "nixpkgs-lib"
      },
      "locked": {
        "lastModified": 1788450739,
        "narHash": "sha256-glZLQlzIn1fXH6PazR2iUmTo7kzzyYSshrWhLS9TqCU=",
        "owner": "hercules-ci",
        "repo": "flake-parts",
        "rev": "31729ca8cbdb4fa927b34e5f4353e6a83f39e993",
        "type": "github"
      },
      "original": {
        "owner": "hercules-ci",
        "repo": "flake-parts",
        "type": "github"
      }
    },
    "flake-utils": {
      "inputs": {
        "systems": "systems"
      },
      "locked": {
        "lastModified": 1731533236,
        "narHash": "sha256-l0KFg5HjrsfsO/JpG+r7fRrqm12kzFHyUHqHCVpMMbI=",
        "owner": "numtide",
        "repo": "flake-utils",
        "rev": "11707dc2f618dd54ca8739b309ec4fc024de578b",
        "type": "github"
      },
      "original": {
        "owner": "numtide",
        "repo": "flake-utils",
        "type": "github"
      }
    },
    "helium-browser": {
      "inputs": {
        "nixpkgs": [
          "nixpkgs"
        ]
      },
      "locked": {
        "lastModified": 1790084965,
        "narHash": "sha256-lalhLTd8hj9c6bWXVf9Sh4YUgH1fHONri7CZsjV2MrE=",
        "owner": "Ev357",
        "repo": "nur-packages",
        "rev": "8e47478ae7c7ae5c235ccf9779ff9a5884bd154a",
        "type": "github"
      },
      "original": {
        "owner": "Ev357",
        "repo": "nur-packages",
        "type": "github"
      }
    },
    "home-manager": {
      "inputs": {
        "nixpkgs": [
          "nixpkgs"
        ]
      },
      "locked": {
        "lastModified": 1790215976,
        "narHash": "sha256-VkR1rMGyjU9jtw8ISFx5uqR9e+LEaOlhHwrseFkiIVk=",
        "owner": "nix-community",
        "repo": "home-manager",
        "rev": "a6631107a83ceab5872f298a2ea710859c80c4cb",
        "type": "github"
      },
      "original": {
        "owner": "nix-community",
        "ref": "release-26.05",
        "repo": "home-manager",
        "type": "github"
      }
    },
    "home-manager_2": {
      "inputs": {
        "nixpkgs": [
          "zen-browser",
          "nixpkgs"
        ]
      },
      "locked": {
        "lastModified": 1789430117,
        "narHash": "sha256-t+U1mijItLJ64xZOifpfQ17kpAL73nU7pDI48ScacVc=",
        "owner": "nix-community",
        "repo": "home-manager",
        "rev": "cda90fd8838825c689fde9d3f3b4e937937790df",
        "type": "github"
      },
      "original": {
        "owner": "nix-community",
        "repo": "home-manager",
        "type": "github"
      }
    },
    "homebrew-bevanjkay-tap": {
      "flake": false,
      "locked": {
        "lastModified": 1790140342,
        "narHash": "sha256-En5qfC46ZVPn0ZqeR5avEZwri1u1PBR9RCKKuzAO7Bo=",
        "owner": "bevanjkay",
        "repo": "homebrew-tap",
        "rev": "2648e4b541d3661a8505484bd7038fd26b2fc533",
        "type": "github"
      },
      "original": {
        "owner": "bevanjkay",
        "repo": "homebrew-tap",
        "type": "github"
      }
    },
    "homebrew-boring-notch": {
      "flake": false,
      "locked": {
        "lastModified": 1790207139,
        "narHash": "sha256-GUWirskdAL66nslMZoLrCbadlwql+3Ba2VjcoK+8Z68=",
        "owner": "TheBoredTeam",
        "repo": "homebrew-boring-notch",
        "rev": "6f3ba74991be2e1a8a330eaea0ba55b0cf73ba78",
        "type": "github"
      },
      "original": {
        "owner": "TheBoredTeam",
        "repo": "homebrew-boring-notch",
        "type": "github"
      }
    },
    "homebrew-cask": {
      "flake": false,
      "locked": {
        "lastModified": 1790228702,
        "narHash": "sha256-PyxQuU9QL57tsuF5KV2S742A0pXkLrRJupYiu1kSApY=",
        "owner": "homebrew",
        "repo": "homebrew-cask",
        "rev": "aa745f67c74943e02494d777fb16a0a9f4d71187",
        "type": "github"
      },
      "original": {
        "owner": "homebrew",
        "repo": "homebrew-cask",
        "type": "github"
      }
    },
    "homebrew-core": {
      "flake": false,
      "locked": {
        "lastModified": 1790235235,
        "narHash": "sha256-1LN4085Iz3M4Ai1Yrpp8mVlPwU5glBNpi0g7FHN2P5g=",
        "owner": "homebrew",
        "repo": "homebrew-core",
        "rev": "da743318282e6bd3b604d919958fe040905f8cbf",
        "type": "github"
      },
      "original": {
        "owner": "homebrew",
        "repo": "homebrew-core",
        "type": "github"
      }
    },
    "homebrew-felixkratz-formulae": {
      "flake": false,
      "locked": {
        "lastModified": 1780547371,
        "narHash": "sha256-QGCVV5N1QC56GQK3ck2YJ6J6/S8SQ6rTElz69y58078=",
        "owner": "FelixKratz",
        "repo": "homebrew-formulae",
        "rev": "70b2071488b61c14f773ce9e1bf6626ee851981a",
        "type": "github"
      },
      "original": {
        "owner": "FelixKratz",
        "repo": "homebrew-formulae",
        "type": "github"
      }
    },
    "homebrew-filosottile-musl-cross": {
      "flake": false,
      "locked": {
        "lastModified": 1768406031,
        "narHash": "sha256-42BPsdnsz9HgSA3i+mBzMoBEegk50ZomLIW3EGuJIAk=",
        "owner": "FiloSottile",
        "repo": "homebrew-musl-cross",
        "rev": "705df29f2bdb4ea5e7c2ade052c92506e8c3c74a",
        "type": "github"
      },
      "original": {
        "owner": "FiloSottile",
        "repo": "homebrew-musl-cross",
        "type": "github"
      }
    },
    "homebrew-gcenx-wine": {
      "flake": false,
      "locked": {
        "lastModified": 1788672746,
        "narHash": "sha256-grfoNPHgUQU0uFf2pqL9+jUhjLoxuQtPoMpKsbyO2XQ=",
        "owner": "Gcenx",
        "repo": "homebrew-wine",
        "rev": "27210873925b96fb743a311af2f588f85a050075",
        "type": "github"
      },
      "original": {
        "owner": "Gcenx",
        "repo": "homebrew-wine",
        "type": "github"
      }
    },
    "homebrew-jackielii-tap": {
      "flake": false,
      "locked": {
        "lastModified": 1788952337,
        "narHash": "sha256-u5mnULrPnCGaCN+ZLAzo4tRktv2ZTxKbPu5k7hVlNoc=",
        "owner": "jackielii",
        "repo": "homebrew-tap",
        "rev": "80bec50a4487af592f71b3c1ea81385b95e2a7d3",
        "type": "github"
      },
      "original": {
        "owner": "jackielii",
        "repo": "homebrew-tap",
        "type": "github"
      }
    },
    "homebrew-koekeishiya-formulae": {
      "flake": false,
      "locked": {
        "lastModified": 1778274556,
        "narHash": "sha256-ZT8PDRrrsHidlypL6oFw/A2LFmT06GZr0rT4ZxDOKbw=",
        "owner": "koekeishiya",
        "repo": "homebrew-formulae",
        "rev": "9c0021f8454e82c3af6ca8b0af4548589920e6ed",
        "type": "github"
      },
      "original": {
        "owner": "koekeishiya",
        "repo": "homebrew-formulae",
        "type": "github"
      }
    },
    "homebrew-samtay-tui": {
      "flake": false,
      "locked": {
        "lastModified": 1729395545,
        "narHash": "sha256-QPT4oxaAMF6vjxOQIQebc/AGst59UPElmLthmiKOr00=",
        "owner": "samtay",
        "repo": "homebrew-tui",
        "rev": "0a414c8356b6707afabc252b1abeae07f7140b02",
        "type": "github"
      },
      "original": {
        "owner": "samtay",
        "repo": "homebrew-tui",
        "type": "github"
      }
    },
    "homebrew-steipete-tap": {
      "flake": false,
      "locked": {
        "lastModified": 1790188324,
        "narHash": "sha256-HEFM1kA4cIPndVqhinXLcxb8fEMZeiNOT1dZZusQaes=",
        "owner": "steipete",
        "repo": "homebrew-tap",
        "rev": "cdd5e6f6463a118aa56ed9955f4576ab2a058d1f",
        "type": "github"
      },
      "original": {
        "owner": "steipete",
        "repo": "homebrew-tap",
        "type": "github"
      }
    },
    "homebrew-withgraphite-tap": {
      "flake": false,
      "locked": {
        "lastModified": 1778009275,
        "narHash": "sha256-J9908mxYkECwfMVN4Lm6pvRfSwXbVPwpopuo1JxodKU=",
        "owner": "withgraphite",
        "repo": "homebrew-tap",
        "rev": "3cd62c9405681abed697ab35e4ec43aa5353dcb8",
        "type": "github"
      },
      "original": {
        "owner": "withgraphite",
        "repo": "homebrew-tap",
        "type": "github"
      }
    },
    "maclocker": {
      "inputs": {
        "nixpkgs": [
          "nixpkgs-darwin"
        ]
      },
      "locked": {
        "lastModified": 1782916839,
        "narHash": "sha256-uDUqz/ia1K+gepBivWZLVLxS3/AwR8ZWlWtQ+ae6GSI=",
        "owner": "JudahZF",
        "repo": "maclocker",
        "rev": "cb4dee0f14b4f960b6004b1a611daf9fee04ddf5",
        "type": "github"
      },
      "original": {
        "owner": "JudahZF",
        "ref": "v1.0",
        "repo": "maclocker",
        "type": "github"
      }
    },
    "mnw": {
      "locked": {
        "lastModified": 1784154424,
        "narHash": "sha256-HRn4O1X2ShYtbq5Egji72/aemyc2cIQicjRZD9hBqM8=",
        "owner": "Gerg-L",
        "repo": "mnw",
        "rev": "0151d9fa87992cbeb67c86616fb9170dcec830b6",
        "type": "github"
      },
      "original": {
        "owner": "Gerg-L",
        "repo": "mnw",
        "type": "github"
      }
    },
    "nix-darwin": {
      "inputs": {
        "nixpkgs": [
          "nixpkgs-darwin"
        ]
      },
      "locked": {
        "lastModified": 1783744694,
        "narHash": "sha256-2cp6N3rrwnGYLTx9l6N+NI+kwrCWxvJUbj5WJhvB29A=",
        "owner": "LnL7",
        "repo": "nix-darwin",
        "rev": "c3e90c89649b07d1a96e4b9dd6cd0d6e44b91a74",
        "type": "github"
      },
      "original": {
        "owner": "LnL7",
        "ref": "nix-darwin-26.05",
        "repo": "nix-darwin",
        "type": "github"
      }
    },
    "nix-homebrew": {
      "inputs": {
        "brew-src": "brew-src_2"
      },
      "locked": {
        "lastModified": 1789928041,
        "narHash": "sha256-iV37ieTcE4ZLOYEe0VznW6dWMBe4lEL8AbK1vblyZGM=",
        "owner": "zhaofengli",
        "repo": "nix-homebrew",
        "rev": "c11cccfdd36dd69b5323d70d354b2853379c2426",
        "type": "github"
      },
      "original": {
        "owner": "zhaofengli",
        "repo": "nix-homebrew",
        "type": "github"
      }
    },
    "nix-index-database": {
      "inputs": {
        "nixpkgs": [
          "nixpkgs"
        ]
      },
      "locked": {
        "lastModified": 1789892076,
        "narHash": "sha256-Dkg4VKPmDPqTwaiw2WH5br73tXoL1qrOO0xJnR4TlcA=",
        "owner": "nix-community",
        "repo": "nix-index-database",
        "rev": "9ad722673ab3b3f91f02135e53775825b240b869",
        "type": "github"
      },
      "original": {
        "owner": "nix-community",
        "repo": "nix-index-database",
        "type": "github"
      }
    },
    "nix-xcodes": {
      "inputs": {
        "nixpkgs": [
          "nixpkgs-darwin"
        ]
      },
      "locked": {
        "lastModified": 1783329264,
        "narHash": "sha256-ZsUGTFOGAxH3YoJlEyzWwSmCSaZKDD9EHm0uPD6qb0s=",
        "ref": "refs/heads/main",
        "rev": "14eedc1fb96095f075352a91d5817cd2bf799df8",
        "revCount": 5,
        "type": "git",
        "url": "https://codeberg.org/JudahZF/nix-xcodes.git"
      },
      "original": {
        "type": "git",
        "url": "https://codeberg.org/JudahZF/nix-xcodes.git"
      }
    },
    "nix-xilinx": {
      "inputs": {
        "flake-compat": "flake-compat",
        "nixpkgs": [
          "nixpkgs"
        ]
      },
      "locked": {
        "lastModified": 1787945255,
        "narHash": "sha256-aYc7SKASgziQ/WJqz5qJRlcxH3m3glMsURN391G1qtA=",
        "owner": "MIT-OpenCompute",
        "repo": "xilinx-flake",
        "rev": "6cc5185eb51d0f88baffa267c1fd351f22809f89",
        "type": "github"
      },
      "original": {
        "owner": "MIT-OpenCompute",
        "repo": "xilinx-flake",
        "type": "github"
      }
    },
    "nixos-hardware": {
      "inputs": {
        "nixpkgs": "nixpkgs"
      },
      "locked": {
        "lastModified": 1789978172,
        "narHash": "sha256-FIRXajv1pPZ+l6On6ekkmcQ6le0Zi0ncRUoR3nB0vKA=",
        "owner": "NixOS",
        "repo": "nixos-hardware",
        "rev": "9ebcb7766700d7e006d9505247bd7ce0426f4232",
        "type": "github"
      },
      "original": {
        "owner": "NixOS",
        "ref": "master",
        "repo": "nixos-hardware",
        "type": "github"
      }
    },
    "nixpkgs": {
      "locked": {
        "lastModified": 1789546076,
        "narHash": "sha256-vWkSk5bbfTqdtMoSgD9FshACO8JCvXTFi+3cqEp0mH0=",
        "rev": "b1b875982b17dabde9b4a37f3e229e74913e6db3",
        "type": "tarball",
        "url": "https://releases.nixos.org/nixos/unstable/nixos-26.11pre1074753.b1b875982b17/nixexprs.tar.xz"
      },
      "original": {
        "type": "tarball",
        "url": "https://channels.nixos.org/nixos-unstable/nixexprs.tar.xz"
      }
    },
    "nixpkgs-darwin": {
      "locked": {
        "lastModified": 1790117938,
        "narHash": "sha256-KgxFEzwzcmyNe4mqlYtsZjzy40mLcNVKtaeoCf5tCGg=",
        "owner": "NixOS",
        "repo": "nixpkgs",
        "rev": "bd495b825e5c4365131f9b744cce923d42c06158",
        "type": "github"
      },
      "original": {
        "owner": "NixOS",
        "ref": "nixpkgs-26.05-darwin",
        "repo": "nixpkgs",
        "type": "github"
      }
    },
    "nixpkgs-lib": {
      "locked": {
        "lastModified": 1788057806,
        "narHash": "sha256-DTQSMxzDWmT0zhguthvegnVkn7CFqGCv4IHCzk5ZUpM=",
        "owner": "nix-community",
        "repo": "nixpkgs.lib",
        "rev": "596e2e3940e09b2abbeb03f75fa1828c57fcd72c",
        "type": "github"
      },
      "original": {
        "owner": "nix-community",
        "repo": "nixpkgs.lib",
        "type": "github"
      }
    },
    "nixpkgs-unstable": {
      "locked": {
        "lastModified": 1790185690,
        "narHash": "sha256-xJ+X4hBtOcAFGBOe5nAMyMUeF9foJBmIOu3NjBqBycU=",
        "owner": "NixOS",
        "repo": "nixpkgs",
        "rev": "4975466d324710c576dc11ad614684e6bd8cad8e",
        "type": "github"
      },
      "original": {
        "owner": "NixOS",
        "ref": "nixos-unstable",
        "repo": "nixpkgs",
        "type": "github"
      }
    },
    "nixpkgs_2": {
      "locked": {
        "lastModified": 1790113641,
        "narHash": "sha256-D2aaQetafdpHxbwA4ldAxs51UX0b11pXL+JL/5L8VrM=",
        "owner": "NixOS",
        "repo": "nixpkgs",
        "rev": "1bc55b9def8165e82073919945c3239903fe4dc2",
        "type": "github"
      },
      "original": {
        "owner": "NixOS",
        "ref": "nixos-26.05",
        "repo": "nixpkgs",
        "type": "github"
      }
    },
    "nixpkgs_3": {
      "locked": {
        "lastModified": 1785542685,
        "narHash": "sha256-sjfvXMbG5pCFgpvw2OZAFcZiTvrppCWvnB6cuGrSY08=",
        "owner": "NixOS",
        "repo": "nixpkgs",
        "rev": "f8e81fc7eb063db454f563cdd596fb96a5ad1497",
        "type": "github"
      },
      "original": {
        "owner": "NixOS",
        "ref": "nixpkgs-unstable",
        "repo": "nixpkgs",
        "type": "github"
      }
    },
    "nixpkgs_4": {
      "locked": {
        "lastModified": 1784497964,
        "narHash": "sha256-WhdsTtaih3DgTPP/PX023b36UNQyMzEoi6GkPyGx0y4=",
        "rev": "241313f4e8e508cb9b13278c2b0fa25b9ca27163",
        "type": "tarball",
        "url": "https://releases.nixos.org/nixos/unstable/nixos-26.11pre1037713.241313f4e8e5/nixexprs.tar.xz"
      },
      "original": {
        "id": "nixpkgs",
        "ref": "nixos-unstable",
        "type": "indirect"
      }
    },
    "nixpkgs_5": {
      "locked": {
        "lastModified": 1788431191,
        "narHash": "sha256-MFClkboDeW56feBCAeAV3Z3J2quGSZFlAOXQ4JjIlIA=",
        "owner": "NixOS",
        "repo": "nixpkgs",
        "rev": "9b9402b959a2276982ddd5ad3652a38b97f7c40b",
        "type": "github"
      },
      "original": {
        "owner": "NixOS",
        "ref": "nixpkgs-unstable",
        "repo": "nixpkgs",
        "type": "github"
      }
    },
    "nixpkgs_6": {
      "locked": {
        "lastModified": 1789286504,
        "narHash": "sha256-eiEK7cKZORNEvX0GeF3RtNEF/JXhgf2RqSp3230q13E=",
        "owner": "nixos",
        "repo": "nixpkgs",
        "rev": "ef34387ddd751e1ab8857adf4676492d32eb24ec",
        "type": "github"
      },
      "original": {
        "owner": "nixos",
        "ref": "nixos-unstable",
        "repo": "nixpkgs",
        "type": "github"
      }
    },
    "nvf": {
      "inputs": {
        "flake-compat": "flake-compat_2",
        "mnw": "mnw",
        "nixpkgs": [
          "nixpkgs"
        ]
      },
      "locked": {
        "lastModified": 1790221470,
        "narHash": "sha256-TzyWd4i7YCpqoF9xB8mfgDJ2sviAZysKH9R8YbQGjqA=",
        "owner": "notashelf",
        "repo": "nvf",
        "rev": "95afe7a794216f53e217c5148c6fbe0b668192cf",
        "type": "github"
      },
      "original": {
        "owner": "notashelf",
        "repo": "nvf",
        "type": "github"
      }
    },
    "openlogi": {
      "inputs": {
        "nixpkgs": "nixpkgs_3",
        "rust-overlay": "rust-overlay"
      },
      "locked": {
        "lastModified": 1790221693,
        "narHash": "sha256-ocJVWLri/EJo4hPJHxaw3gXPO66DtI2BZR8+lcOtHkA=",
        "owner": "AprilNEA",
        "repo": "OpenLogi",
        "rev": "e3bf24a4803e95a9c3efba67402ecc92db07e956",
        "type": "github"
      },
      "original": {
        "owner": "AprilNEA",
        "repo": "OpenLogi",
        "type": "github"
      }
    },
    "openxc7": {
      "inputs": {
        "flake-utils": "flake-utils",
        "nixpkgs": "nixpkgs_4"
      },
      "locked": {
        "lastModified": 1790199182,
        "narHash": "sha256-jT/fqQaEeVkaxv3xLPUP3bMYXy23Ps93IuQ/VZjTHm8=",
        "owner": "openXC7",
        "repo": "toolchain-nix",
        "rev": "4c73542b8f726dc7ffb40d56f445ddfb2a766878",
        "type": "github"
      },
      "original": {
        "owner": "openXC7",
        "repo": "toolchain-nix",
        "type": "github"
      }
    },
    "root": {
      "inputs": {
        "brew-src": "brew-src",
        "dotfiles": "dotfiles",
        "firefox-addons": "firefox-addons",
        "flake-parts": "flake-parts",
        "helium-browser": "helium-browser",
        "home-manager": "home-manager",
        "homebrew-bevanjkay-tap": "homebrew-bevanjkay-tap",
        "homebrew-boring-notch": "homebrew-boring-notch",
        "homebrew-cask": "homebrew-cask",
        "homebrew-core": "homebrew-core",
        "homebrew-felixkratz-formulae": "homebrew-felixkratz-formulae",
        "homebrew-filosottile-musl-cross": "homebrew-filosottile-musl-cross",
        "homebrew-gcenx-wine": "homebrew-gcenx-wine",
        "homebrew-jackielii-tap": "homebrew-jackielii-tap",
        "homebrew-koekeishiya-formulae": "homebrew-koekeishiya-formulae",
        "homebrew-samtay-tui": "homebrew-samtay-tui",
        "homebrew-steipete-tap": "homebrew-steipete-tap",
        "homebrew-withgraphite-tap": "homebrew-withgraphite-tap",
        "maclocker": "maclocker",
        "nix-darwin": "nix-darwin",
        "nix-homebrew": "nix-homebrew",
        "nix-index-database": "nix-index-database",
        "nix-xcodes": "nix-xcodes",
        "nix-xilinx": "nix-xilinx",
        "nixos-hardware": "nixos-hardware",
        "nixpkgs": "nixpkgs_2",
        "nixpkgs-darwin": "nixpkgs-darwin",
        "nixpkgs-unstable": "nixpkgs-unstable",
        "nvf": "nvf",
        "openlogi": "openlogi",
        "openxc7": "openxc7",
        "sops-nix": "sops-nix",
        "wrapper-modules": "wrapper-modules",
        "zen-browser": "zen-browser"
      }
    },
    "rust-overlay": {
      "inputs": {
        "nixpkgs": [
          "openlogi",
          "nixpkgs"
        ]
      },
      "locked": {
        "lastModified": 1787246814,
        "narHash": "sha256-pEd4/iPY3Zm/EhhHmeB1QnIWXJSLx7gJzD/05mm2MCo=",
        "owner": "oxalica",
        "repo": "rust-overlay",
        "rev": "c84e121aaede7ef8c7bd9fb5154ccc1599e07816",
        "type": "github"
      },
      "original": {
        "owner": "oxalica",
        "repo": "rust-overlay",
        "type": "github"
      }
    },
    "sops-nix": {
      "inputs": {
        "nixpkgs": [
          "nixpkgs"
        ]
      },
      "locked": {
        "lastModified": 1789890976,
        "narHash": "sha256-GKwH3zpy7tartuJMG0Rv/xUsdetG1QLmTVv8UKgJLmA=",
        "owner": "Mic92",
        "repo": "sops-nix",
        "rev": "7214124c20c1542c90deb54af50e2f53ae02711f",
        "type": "github"
      },
      "original": {
        "owner": "Mic92",
        "repo": "sops-nix",
        "type": "github"
      }
    },
    "systems": {
      "locked": {
        "lastModified": 1681028828,
        "narHash": "sha256-Vy1rq5AaRuLzOxct8nz4T6wlgyUR7zLU309k9mBC768=",
        "owner": "nix-systems",
        "repo": "default",
        "rev": "da67096a3b9bf56a91d16901293e51ba5b49a27e",
        "type": "github"
      },
      "original": {
        "owner": "nix-systems",
        "repo": "default",
        "type": "github"
      }
    },
    "wrapper-modules": {
      "inputs": {
        "nixpkgs": "nixpkgs_5"
      },
      "locked": {
        "lastModified": 1788981141,
        "narHash": "sha256-7xWS16u13YGlRNKWaAPzRbEyh4OLOXJe31k7h4AnXNU=",
        "owner": "BirdeeHub",
        "repo": "nix-wrapper-modules",
        "rev": "1db3c116a6aa61823f8d8f3c47c306846428fc54",
        "type": "github"
      },
      "original": {
        "owner": "BirdeeHub",
        "repo": "nix-wrapper-modules",
        "type": "github"
      }
    },
    "zen-browser": {
      "inputs": {
        "home-manager": "home-manager_2",
        "nixpkgs": "nixpkgs_6"
      },
      "locked": {
        "lastModified": 1790234305,
        "narHash": "sha256-zgshjjI5uhmRQor+bmXH4EYx/E0LUdJEqv0L8WnTFOw=",
        "owner": "0xc000022070",
        "repo": "zen-browser-flake",
        "rev": "2b7fec6557495d97736f1b31904f79312671ca2a",
        "type": "github"
      },
      "original": {
        "owner": "0xc000022070",
        "repo": "zen-browser-flake",
        "type": "github"
      }
    }
  },
  "root": "root",
  "version": 7
}
