{
  "nodes": {
    "brew-src": {
      "flake": false,
      "locked": {
        "lastModified": 1786348930,
        "narHash": "sha256-bCQJkbgsAMDp5HQystZLCq11UHiyEuoWbxKulAPYrh8=",
        "owner": "Homebrew",
        "repo": "brew",
        "rev": "3ecc9eff23feebf1bc73846d74e14a122c93b66f",
        "type": "github"
      },
      "original": {
        "owner": "Homebrew",
        "ref": "6.0.16",
        "repo": "brew",
        "type": "github"
      }
    },
    "brew-src_2": {
      "flake": false,
      "locked": {
        "lastModified": 1788591592,
        "narHash": "sha256-NbwVKwKLFl0oXub7oPjvmDaOygCtV2oboeKTu4xXFTk=",
        "owner": "Homebrew",
        "repo": "brew",
        "rev": "08e85c4e42f5d8f1ea17c36cb59cf61c2ccb26c3",
        "type": "github"
      },
      "original": {
        "owner": "Homebrew",
        "ref": "6.0.22",
        "repo": "brew",
        "type": "github"
      }
    },
    "dotfiles": {
      "flake": false,
      "locked": {
        "path": "..",
        "type": "path"
      },
      "original": {
        "path": "..",
        "type": "path"
      },
      "parent": []
    },
    "firefox-addons": {
      "inputs": {
        "nixpkgs": [
          "nixpkgs"
        ]
      },
      "locked": {
        "dir": "pkgs/firefox-addons",
        "lastModified": 1789185767,
        "narHash": "sha256-jaWL9beN3ifjNzNEBxo0abA+TSi0n7Q8LRQvZTxEqaM=",
        "owner": "rycee",
        "repo": "nur-expressions",
        "rev": "811170bb74b11f3b9489618ce77487cc58c79067",
        "type": "gitlab"
      },
      "original": {
        "dir": "pkgs/firefox-addons",
        "owner": "rycee",
        "repo": "nur-expressions",
        "type": "gitlab"
      }
    },
    "flake-compat": {
      "flake": false,
      "locked": {
        "lastModified": 1767039857,
        "narHash": "sha256-vNpUSpF5Nuw8xvDLj2KCwwksIbjua2LZCqhV1LNRDns=",
        "owner": "edolstra",
        "repo": "flake-compat",
        "rev": "5edf11c44bc78a0d334f6334cdaf7d60d732daab",
        "type": "github"
      },
      "original": {
        "owner": "edolstra",
        "repo": "flake-compat",
        "type": "github"
      }
    },
    "flake-compat_2": {
      "flake": false,
      "locked": {
        "lastModified": 1777699697,
        "narHash": "sha256-Eg9b/rq/ECYwNwEXs5i9wHyhxNI0JrYx2srdI2uZMaQ=",
        "ref": "refs/heads/main",
        "rev": "382052b74656a369c5408822af3f2501e9b1af81",
        "revCount": 94,
        "type": "git",
        "url": "https://git.lix.systems/lix-project/flake-compat.git"
      },
      "original": {
        "type": "git",
        "url": "https://git.lix.systems/lix-project/flake-compat.git"
      }
    },
    "flake-parts": {
      "inputs": {
        "nixpkgs-lib": "nixpkgs-lib"
      },
      "locked": {
        "lastModified": 1788450739,
        "narHash": "sha256-glZLQlzIn1fXH6PazR2iUmTo7kzzyYSshrWhLS9TqCU=",
        "owner": "hercules-ci",
        "repo": "flake-parts",
        "rev": "31729ca8cbdb4fa927b34e5f4353e6a83f39e993",
        "type": "github"
      },
      "original": {
        "owner": "hercules-ci",
        "repo": "flake-parts",
        "type": "github"
      }
    },
    "flake-utils": {
      "inputs": {
        "systems": "systems"
      },
      "locked": {
        "lastModified": 1731533236,
        "narHash": "sha256-l0KFg5HjrsfsO/JpG+r7fRrqm12kzFHyUHqHCVpMMbI=",
        "owner": "numtide",
        "repo": "flake-utils",
        "rev": "11707dc2f618dd54ca8739b309ec4fc024de578b",
        "type": "github"
      },
      "original": {
        "owner": "numtide",
        "repo": "flake-utils",
        "type": "github"
      }
    },
    "helium-browser": {
      "inputs": {
        "nixpkgs": [
          "nixpkgs"
        ]
      },
      "locked": {
        "lastModified": 1788705793,
        "narHash": "sha256-0oa5MwC8lrMjuluc2oqHiJjGHOr148hAzlgoqEKgQIw=",
        "owner": "Ev357",
        "repo": "nur-packages",
        "rev": "0fad04286e2722599db91b5a7464ffc3a857dde9",
        "type": "github"
      },
      "original": {
        "owner": "Ev357",
        "repo": "nur-packages",
        "type": "github"
      }
    },
    "home-manager": {
      "inputs": {
        "nixpkgs": [
          "nixpkgs"
        ]
      },
      "locked": {
        "lastModified": 1789182507,
        "narHash": "sha256-9nt4W0HNNP84B+b37yRs9Zxat1ZR5guJxEZDEjAgex4=",
        "owner": "nix-community",
        "repo": "home-manager",
        "rev": "b1d1b60084970f9d1e2b72662639dab6d039be71",
        "type": "github"
      },
      "original": {
        "owner": "nix-community",
        "ref": "release-26.05",
        "repo": "home-manager",
        "type": "github"
      }
    },
    "home-manager_2": {
      "inputs": {
        "nixpkgs": [
          "zen-browser",
          "nixpkgs"
        ]
      },
      "locked": {
        "lastModified": 1788229478,
        "narHash": "sha256-G0F2rFORVcFkEvVdE/qWQTnYekIc77YP5/vRF9nZlxU=",
        "owner": "nix-community",
        "repo": "home-manager",
        "rev": "1dc2d1f720ab17fc7981e087346bf54b26d284b1",
        "type": "github"
      },
      "original": {
        "owner": "nix-community",
        "repo": "home-manager",
        "type": "github"
      }
    },
    "homebrew-bevanjkay-tap": {
      "flake": false,
      "locked": {
        "lastModified": 1789208824,
        "narHash": "sha256-U6lscVtybF49Ij5tmrw9aJ6ZmtkSeqqfl/JnroauqrM=",
        "owner": "bevanjkay",
        "repo": "homebrew-tap",
        "rev": "8ee7b9e831259af139af1265e8cb6c4ced45f80b",
        "type": "github"
      },
      "original": {
        "owner": "bevanjkay",
        "repo": "homebrew-tap",
        "type": "github"
      }
    },
    "homebrew-boring-notch": {
      "flake": false,
      "locked": {
        "lastModified": 1788829142,
        "narHash": "sha256-l/KghsuxZ2Kxn2CipMfRaOa/PdIAC+ssnX0OeEE92OE=",
        "owner": "TheBoredTeam",
        "repo": "homebrew-boring-notch",
        "rev": "a44debe79e6e5834340dd489a7f2f7cd2754b018",
        "type": "github"
      },
      "original": {
        "owner": "TheBoredTeam",
        "repo": "homebrew-boring-notch",
        "type": "github"
      }
    },
    "homebrew-cask": {
      "flake": false,
      "locked": {
        "lastModified": 1789209814,
        "narHash": "sha256-pZnfV/Z5DvL9O+GkY3ObEs98AFvTkwPvkgPkax9aaRk=",
        "owner": "homebrew",
        "repo": "homebrew-cask",
        "rev": "75f343e7db53cc94ccd524b2807bbd4e07f4bbcf",
        "type": "github"
      },
      "original": {
        "owner": "homebrew",
        "repo": "homebrew-cask",
        "type": "github"
      }
    },
    "homebrew-core": {
      "flake": false,
      "locked": {
        "lastModified": 1789211816,
        "narHash": "sha256-qT4OLtYZIcn2b932ce4S1n3TWIYBOjAWOJCN0878R9s=",
        "owner": "homebrew",
        "repo": "homebrew-core",
        "rev": "3294164ebf6c95ac7fc8b6a59dfe5cef5e739924",
        "type": "github"
      },
      "original": {
        "owner": "homebrew",
        "repo": "homebrew-core",
        "type": "github"
      }
    },
    "homebrew-felixkratz-formulae": {
      "flake": false,
      "locked": {
        "lastModified": 1780547371,
        "narHash": "sha256-QGCVV5N1QC56GQK3ck2YJ6J6/S8SQ6rTElz69y58078=",
        "owner": "FelixKratz",
        "repo": "homebrew-formulae",
        "rev": "70b2071488b61c14f773ce9e1bf6626ee851981a",
        "type": "github"
      },
      "original": {
        "owner": "FelixKratz",
        "repo": "homebrew-formulae",
        "type": "github"
      }
    },
    "homebrew-filosottile-musl-cross": {
      "flake": false,
      "locked": {
        "lastModified": 1768406031,
        "narHash": "sha256-42BPsdnsz9HgSA3i+mBzMoBEegk50ZomLIW3EGuJIAk=",
        "owner": "FiloSottile",
        "repo": "homebrew-musl-cross",
        "rev": "705df29f2bdb4ea5e7c2ade052c92506e8c3c74a",
        "type": "github"
      },
      "original": {
        "owner": "FiloSottile",
        "repo": "homebrew-musl-cross",
        "type": "github"
      }
    },
    "homebrew-gcenx-wine": {
      "flake": false,
      "locked": {
        "lastModified": 1788672746,
        "narHash": "sha256-grfoNPHgUQU0uFf2pqL9+jUhjLoxuQtPoMpKsbyO2XQ=",
        "owner": "Gcenx",
        "repo": "homebrew-wine",
        "rev": "27210873925b96fb743a311af2f588f85a050075",
        "type": "github"
      },
      "original": {
        "owner": "Gcenx",
        "repo": "homebrew-wine",
        "type": "github"
      }
    },
    "homebrew-jackielii-tap": {
      "flake": false,
      "locked": {
        "lastModified": 1788952337,
        "narHash": "sha256-u5mnULrPnCGaCN+ZLAzo4tRktv2ZTxKbPu5k7hVlNoc=",
        "owner": "jackielii",
        "repo": "homebrew-tap",
        "rev": "80bec50a4487af592f71b3c1ea81385b95e2a7d3",
        "type": "github"
      },
      "original": {
        "owner": "jackielii",
        "repo": "homebrew-tap",
        "type": "github"
      }
    },
    "homebrew-koekeishiya-formulae": {
      "flake": false,
      "locked": {
        "lastModified": 1778274556,
        "narHash": "sha256-ZT8PDRrrsHidlypL6oFw/A2LFmT06GZr0rT4ZxDOKbw=",
        "owner": "koekeishiya",
        "repo": "homebrew-formulae",
        "rev": "9c0021f8454e82c3af6ca8b0af4548589920e6ed",
        "type": "github"
      },
      "original": {
        "owner": "koekeishiya",
        "repo": "homebrew-formulae",
        "type": "github"
      }
    },
    "homebrew-samtay-tui": {
      "flake": false,
      "locked": {
        "lastModified": 1729395545,
        "narHash": "sha256-QPT4oxaAMF6vjxOQIQebc/AGst59UPElmLthmiKOr00=",
        "owner": "samtay",
        "repo": "homebrew-tui",
        "rev": "0a414c8356b6707afabc252b1abeae07f7140b02",
        "type": "github"
      },
      "original": {
        "owner": "samtay",
        "repo": "homebrew-tui",
        "type": "github"
      }
    },
    "homebrew-steipete-tap": {
      "flake": false,
      "locked": {
        "lastModified": 1789208492,
        "narHash": "sha256-duWTrXyuDumIOeVKb/MZX/4MKFQ62ErlUpBTztjqbOE=",
        "owner": "steipete",
        "repo": "homebrew-tap",
        "rev": "1a8777e9a5df0da6b6512621fc0b0b93d746c6ce",
        "type": "github"
      },
      "original": {
        "owner": "steipete",
        "repo": "homebrew-tap",
        "type": "github"
      }
    },
    "homebrew-withgraphite-tap": {
      "flake": false,
      "locked": {
        "lastModified": 1778009275,
        "narHash": "sha256-J9908mxYkECwfMVN4Lm6pvRfSwXbVPwpopuo1JxodKU=",
        "owner": "withgraphite",
        "repo": "homebrew-tap",
        "rev": "3cd62c9405681abed697ab35e4ec43aa5353dcb8",
        "type": "github"
      },
      "original": {
        "owner": "withgraphite",
        "repo": "homebrew-tap",
        "type": "github"
      }
    },
    "maclocker": {
      "inputs": {
        "nixpkgs": [
          "nixpkgs-darwin"
        ]
      },
      "locked": {
        "lastModified": 1782916839,
        "narHash": "sha256-uDUqz/ia1K+gepBivWZLVLxS3/AwR8ZWlWtQ+ae6GSI=",
        "owner": "JudahZF",
        "repo": "maclocker",
        "rev": "cb4dee0f14b4f960b6004b1a611daf9fee04ddf5",
        "type": "github"
      },
      "original": {
        "owner": "JudahZF",
        "ref": "v1.0",
        "repo": "maclocker",
        "type": "github"
      }
    },
    "mnw": {
      "locked": {
        "lastModified": 1780772958,
        "narHash": "sha256-VKKe8r4pwCGWZ3Yr9CPN129R4S3CKLSrlYqdYz3vKpM=",
        "owner": "Gerg-L",
        "repo": "mnw",
        "rev": "0871dbf63a53610c95db04439ed8ea4d6ec9c160",
        "type": "github"
      },
      "original": {
        "owner": "Gerg-L",
        "repo": "mnw",
        "type": "github"
      }
    },
    "nix-darwin": {
      "inputs": {
        "nixpkgs": [
          "nixpkgs-darwin"
        ]
      },
      "locked": {
        "lastModified": 1783744694,
        "narHash": "sha256-2cp6N3rrwnGYLTx9l6N+NI+kwrCWxvJUbj5WJhvB29A=",
        "owner": "LnL7",
        "repo": "nix-darwin",
        "rev": "c3e90c89649b07d1a96e4b9dd6cd0d6e44b91a74",
        "type": "github"
      },
      "original": {
        "owner": "LnL7",
        "ref": "nix-darwin-26.05",
        "repo": "nix-darwin",
        "type": "github"
      }
    },
    "nix-homebrew": {
      "inputs": {
        "brew-src": "brew-src_2"
      },
      "locked": {
        "lastModified": 1788981439,
        "narHash": "sha256-fEaFq0XgpgWFPLfpq1UK4/8ylHd2T0+fo6O3hKz1LUM=",
        "owner": "zhaofengli",
        "repo": "nix-homebrew",
        "rev": "09a921d0181146cf6163ec2cc1db7b6fd539a885",
        "type": "github"
      },
      "original": {
        "owner": "zhaofengli",
        "repo": "nix-homebrew",
        "type": "github"
      }
    },
    "nix-index-database": {
      "inputs": {
        "nixpkgs": [
          "nixpkgs"
        ]
      },
      "locked": {
        "lastModified": 1788680125,
        "narHash": "sha256-amGSoDobwmp4CFvCn841ws2iuitus+HUJdD/gKgsrJA=",
        "owner": "nix-community",
        "repo": "nix-index-database",
        "rev": "116ad1c2adb642405ef8916f6a94c8626f971344",
        "type": "github"
      },
      "original": {
        "owner": "nix-community",
        "repo": "nix-index-database",
        "type": "github"
      }
    },
    "nix-xcodes": {
      "inputs": {
        "nixpkgs": [
          "nixpkgs-darwin"
        ]
      },
      "locked": {
        "lastModified": 1783329264,
        "narHash": "sha256-ZsUGTFOGAxH3YoJlEyzWwSmCSaZKDD9EHm0uPD6qb0s=",
        "ref": "refs/heads/main",
        "rev": "14eedc1fb96095f075352a91d5817cd2bf799df8",
        "revCount": 5,
        "type": "git",
        "url": "https://codeberg.org/JudahZF/nix-xcodes.git"
      },
      "original": {
        "type": "git",
        "url": "https://codeberg.org/JudahZF/nix-xcodes.git"
      }
    },
    "nix-xilinx": {
      "inputs": {
        "flake-compat": "flake-compat",
        "nixpkgs": [
          "nixpkgs"
        ]
      },
      "locked": {
        "lastModified": 1787945255,
        "narHash": "sha256-aYc7SKASgziQ/WJqz5qJRlcxH3m3glMsURN391G1qtA=",
        "owner": "MIT-OpenCompute",
        "repo": "xilinx-flake",
        "rev": "6cc5185eb51d0f88baffa267c1fd351f22809f89",
        "type": "github"
      },
      "original": {
        "owner": "MIT-OpenCompute",
        "repo": "xilinx-flake",
        "type": "github"
      }
    },
    "nixos-hardware": {
      "inputs": {
        "nixpkgs": "nixpkgs"
      },
      "locked": {
        "lastModified": 1789127271,
        "narHash": "sha256-vL/Fpo7Zxa7wvO8V5FAToUBvP+K3XsMB1wUglTtd/J0=",
        "owner": "NixOS",
        "repo": "nixos-hardware",
        "rev": "24cfdc1f9344b90a1eee329a3906e2f39f4d0f1e",
        "type": "github"
      },
      "original": {
        "owner": "NixOS",
        "ref": "master",
        "repo": "nixos-hardware",
        "type": "github"
      }
    },
    "nixpkgs": {
      "locked": {
        "lastModified": 1767892417,
        "narHash": "sha256-8bW3q88CEg2u4hSP66Vf4lpbLonHz7hqDNBMcCY7E9U=",
        "rev": "3497aa5c9457a9d88d71fa93a4a8368816fbeeba",
        "type": "tarball",
        "url": "https://releases.nixos.org/nixos/unstable/nixos-26.05pre924538.3497aa5c9457/nixexprs.tar.xz"
      },
      "original": {
        "type": "tarball",
        "url": "https://channels.nixos.org/nixos-unstable/nixexprs.tar.xz"
      }
    },
    "nixpkgs-darwin": {
      "locked": {
        "lastModified": 1789090104,
        "narHash": "sha256-aYuIOkjWlA2YvXzx9NVgwHtGZqA+J6G7Dt3wbuuGwlg=",
        "owner": "NixOS",
        "repo": "nixpkgs",
        "rev": "b378e416ccd4a9d27aba331c8f51a7c985dea1a0",
        "type": "github"
      },
      "original": {
        "owner": "NixOS",
        "ref": "nixpkgs-26.05-darwin",
        "repo": "nixpkgs",
        "type": "github"
      }
    },
    "nixpkgs-lib": {
      "locked": {
        "lastModified": 1788057806,
        "narHash": "sha256-DTQSMxzDWmT0zhguthvegnVkn7CFqGCv4IHCzk5ZUpM=",
        "owner": "nix-community",
        "repo": "nixpkgs.lib",
        "rev": "596e2e3940e09b2abbeb03f75fa1828c57fcd72c",
        "type": "github"
      },
      "original": {
        "owner": "nix-community",
        "repo": "nixpkgs.lib",
        "type": "github"
      }
    },
    "nixpkgs-unstable": {
      "locked": {
        "lastModified": 1789006805,
        "narHash": "sha256-xB8mKMOx1IA9vTDNLmJZ6n4wCMq/cuWBBOzGCRnqxrU=",
        "owner": "NixOS",
        "repo": "nixpkgs",
        "rev": "8ce4ef6cb6f871616146b9fe26d2a5ae594e94fe",
        "type": "github"
      },
      "original": {
        "owner": "NixOS",
        "ref": "nixos-unstable",
        "repo": "nixpkgs",
        "type": "github"
      }
    },
    "nixpkgs_2": {
      "locked": {
        "lastModified": 1789114715,
        "narHash": "sha256-ugpsyk3NM2s87vXfUiIIiibbJ4Pp0JPS5p/3mfs+q+c=",
        "owner": "NixOS",
        "repo": "nixpkgs",
        "rev": "21a67dc470149f337cecafbe965d8d252a390518",
        "type": "github"
      },
      "original": {
        "owner": "NixOS",
        "ref": "nixos-26.05",
        "repo": "nixpkgs",
        "type": "github"
      }
    },
    "nixpkgs_3": {
      "locked": {
        "lastModified": 1784497964,
        "narHash": "sha256-WhdsTtaih3DgTPP/PX023b36UNQyMzEoi6GkPyGx0y4=",
        "rev": "241313f4e8e508cb9b13278c2b0fa25b9ca27163",
        "type": "tarball",
        "url": "https://releases.nixos.org/nixos/unstable/nixos-26.11pre1037713.241313f4e8e5/nixexprs.tar.xz"
      },
      "original": {
        "id": "nixpkgs",
        "ref": "nixos-unstable",
        "type": "indirect"
      }
    },
    "nixpkgs_4": {
      "locked": {
        "lastModified": 1788431191,
        "narHash": "sha256-MFClkboDeW56feBCAeAV3Z3J2quGSZFlAOXQ4JjIlIA=",
        "owner": "NixOS",
        "repo": "nixpkgs",
        "rev": "9b9402b959a2276982ddd5ad3652a38b97f7c40b",
        "type": "github"
      },
      "original": {
        "owner": "NixOS",
        "ref": "nixpkgs-unstable",
        "repo": "nixpkgs",
        "type": "github"
      }
    },
    "nixpkgs_5": {
      "locked": {
        "lastModified": 1788179007,
        "narHash": "sha256-hn1oU2rue2SYK8dAr8+WNZWtbsz1S2W5mnHlSEuh3bo=",
        "owner": "nixos",
        "repo": "nixpkgs",
        "rev": "34ab99075ac4f7e40cf037eef32cb1c360bb85e9",
        "type": "github"
      },
      "original": {
        "owner": "nixos",
        "ref": "nixos-unstable",
        "repo": "nixpkgs",
        "type": "github"
      }
    },
    "nvf": {
      "inputs": {
        "flake-compat": "flake-compat_2",
        "mnw": "mnw",
        "nixpkgs": [
          "nixpkgs"
        ]
      },
      "locked": {
        "lastModified": 1789172534,
        "narHash": "sha256-LV26WEThZ7U+L274lSY1xNOmxTb8Y9yrE3mOR6CAOZg=",
        "owner": "notashelf",
        "repo": "nvf",
        "rev": "9c1d99771b443055f5cd428f11b5a4b04c7b7e2e",
        "type": "github"
      },
      "original": {
        "owner": "notashelf",
        "repo": "nvf",
        "type": "github"
      }
    },
    "openxc7": {
      "inputs": {
        "flake-utils": "flake-utils",
        "nixpkgs": "nixpkgs_3"
      },
      "locked": {
        "lastModified": 1789161645,
        "narHash": "sha256-37Fx9D4gfRRyYgjkrTG4YDFyGhsyM9n1tcEJRQTRaaI=",
        "owner": "openXC7",
        "repo": "toolchain-nix",
        "rev": "81e4a204d061abf2f8bda324970e9e5d528c3522",
        "type": "github"
      },
      "original": {
        "owner": "openXC7",
        "repo": "toolchain-nix",
        "type": "github"
      }
    },
    "root": {
      "inputs": {
        "brew-src": "brew-src",
        "dotfiles": "dotfiles",
        "firefox-addons": "firefox-addons",
        "flake-parts": "flake-parts",
        "helium-browser": "helium-browser",
        "home-manager": "home-manager",
        "homebrew-bevanjkay-tap": "homebrew-bevanjkay-tap",
        "homebrew-boring-notch": "homebrew-boring-notch",
        "homebrew-cask": "homebrew-cask",
        "homebrew-core": "homebrew-core",
        "homebrew-felixkratz-formulae": "homebrew-felixkratz-formulae",
        "homebrew-filosottile-musl-cross": "homebrew-filosottile-musl-cross",
        "homebrew-gcenx-wine": "homebrew-gcenx-wine",
        "homebrew-jackielii-tap": "homebrew-jackielii-tap",
        "homebrew-koekeishiya-formulae": "homebrew-koekeishiya-formulae",
        "homebrew-samtay-tui": "homebrew-samtay-tui",
        "homebrew-steipete-tap": "homebrew-steipete-tap",
        "homebrew-withgraphite-tap": "homebrew-withgraphite-tap",
        "maclocker": "maclocker",
        "nix-darwin": "nix-darwin",
        "nix-homebrew": "nix-homebrew",
        "nix-index-database": "nix-index-database",
        "nix-xcodes": "nix-xcodes",
        "nix-xilinx": "nix-xilinx",
        "nixos-hardware": "nixos-hardware",
        "nixpkgs": "nixpkgs_2",
        "nixpkgs-darwin": "nixpkgs-darwin",
        "nixpkgs-unstable": "nixpkgs-unstable",
        "nvf": "nvf",
        "openxc7": "openxc7",
        "sops-nix": "sops-nix",
        "wrapper-modules": "wrapper-modules",
        "zen-browser": "zen-browser"
      }
    },
    "sops-nix": {
      "inputs": {
        "nixpkgs": [
          "nixpkgs"
        ]
      },
      "locked": {
        "lastModified": 1788914643,
        "narHash": "sha256-4GuMPW90JSxXWDPUB9M+1m7fYbe3H0apOd86/zBQ2Kw=",
        "owner": "Mic92",
        "repo": "sops-nix",
        "rev": "13616fff713a9f94055c66f15687ebdc17a335df",
        "type": "github"
      },
      "original": {
        "owner": "Mic92",
        "repo": "sops-nix",
        "type": "github"
      }
    },
    "systems": {
      "locked": {
        "lastModified": 1681028828,
        "narHash": "sha256-Vy1rq5AaRuLzOxct8nz4T6wlgyUR7zLU309k9mBC768=",
        "owner": "nix-systems",
        "repo": "default",
        "rev": "da67096a3b9bf56a91d16901293e51ba5b49a27e",
        "type": "github"
      },
      "original": {
        "owner": "nix-systems",
        "repo": "default",
        "type": "github"
      }
    },
    "wrapper-modules": {
      "inputs": {
        "nixpkgs": "nixpkgs_4"
      },
      "locked": {
        "lastModified": 1788981141,
        "narHash": "sha256-7xWS16u13YGlRNKWaAPzRbEyh4OLOXJe31k7h4AnXNU=",
        "owner": "BirdeeHub",
        "repo": "nix-wrapper-modules",
        "rev": "1db3c116a6aa61823f8d8f3c47c306846428fc54",
        "type": "github"
      },
      "original": {
        "owner": "BirdeeHub",
        "repo": "nix-wrapper-modules",
        "type": "github"
      }
    },
    "zen-browser": {
      "inputs": {
        "home-manager": "home-manager_2",
        "nixpkgs": "nixpkgs_5"
      },
      "locked": {
        "lastModified": 1789183649,
        "narHash": "sha256-M08rk8a5WepjMphE6W1pIdP3AhzpcBSMUJ0zzaGMOgM=",
        "owner": "0xc000022070",
        "repo": "zen-browser-flake",
        "rev": "f091fa4f590babf9a9ea3ac12524512cbb132e29",
        "type": "github"
      },
      "original": {
        "owner": "0xc000022070",
        "repo": "zen-browser-flake",
        "type": "github"
      }
    }
  },
  "root": "root",
  "version": 7
}
